{
  "originHash" : "58a20b1d07c9a887bd8326793133325aa4e08925b8d0fb67e29df601a8d5a95d",
  "pins" : [
    {
      "identity" : "movieappdata",
      "kind" : "remoteSourceControl",
      "location" : "https://github.com/fiveagency/MovieAppData",
      "state" : {
        "revision" : "0d476dbdc4e8f6828a4fdaff4fa0b977ab5ebf35",
        "version" : "2.1.1"
      }
    },
    {
      "identity" : "purelayout",
      "kind" : "remoteSourceControl",
      "location" : "https://github.com/PureLayout/PureLayout.git",
      "state" : {
        "revision" : "5561683c96dc49b023c1299bfe4f6fbeed5f8199",
        "version" : "3.1.9"
      }
    }
  ],
  "version" : 3
}
