// !$*UTF8*$!
{
	archiveVersion = 1;
	classes = {
	};
	objectVersion = 56;
	objects = {

/* Begin PBXBuildFile section */
		F8969C912BC0427A006576B2 /* MovieDetailsViewController.swift in Sources */ = {isa = PBXBuildFile; fileRef = F8969C902BC0427A006576B2 /* MovieDetailsViewController.swift */; };
		F8D05F392BC179BF00F1E3B2 /* ContentViewController.swift in Sources */ = {isa = PBXBuildFile; fileRef = F8D05F382BC179BF00F1E3B2 /* ContentViewController.swift */; };
		F8D05F3B2BC18B4500F1E3B2 /* LoginViewController.swift in Sources */ = {isa = PBXBuildFile; fileRef = F8D05F3A2BC18B4500F1E3B2 /* LoginViewController.swift */; };
		F8D5F7B92BC0371C00B6F78C /* AppDelegate.swift in Sources */ = {isa = PBXBuildFile; fileRef = F8D5F7B82BC0371C00B6F78C /* AppDelegate.swift */; };
		F8D5F7BB2BC0371C00B6F78C /* SceneDelegate.swift in Sources */ = {isa = PBXBuildFile; fileRef = F8D5F7BA2BC0371C00B6F78C /* SceneDelegate.swift */; };
		F8D5F7C22BC0371E00B6F78C /* Assets.xcassets in Resources */ = {isa = PBXBuildFile; fileRef = F8D5F7C12BC0371E00B6F78C /* Assets.xcassets */; };
		F8D5F7C52BC0371E00B6F78C /* Base in Resources */ = {isa = PBXBuildFile; fileRef = F8D5F7C42BC0371E00B6F78C /* Base */; };
		F8D5F7CE2BC0378400B6F78C /* PureLayout in Frameworks */ = {isa = PBXBuildFile; productRef = F8D5F7CD2BC0378400B6F78C /* PureLayout */; };
		F8D5F7D12BC037CD00B6F78C /* MovieAppData in Frameworks */ = {isa = PBXBuildFile; productRef = F8D5F7D02BC037CD00B6F78C /* MovieAppData */; };
		F8E9A8512BF0D7FA00461358 /* MovieListViewController.swift in Sources */ = {isa = PBXBuildFile; fileRef = F8E9A8502BF0D7FA00461358 /* MovieListViewController.swift */; };
		F8E9A8532BF0E7DE00461358 /* MovieCell.swift in Sources */ = {isa = PBXBuildFile; fileRef = F8E9A8522BF0E7DE00461358 /* MovieCell.swift */; };
		F8E9A8692BF120CD00461358 /* MovieCollectionView.swift in Sources */ = {isa = PBXBuildFile; fileRef = F8E9A8682BF120CD00461358 /* MovieCollectionView.swift */; };
		F8E9A86B2BF1223100461358 /* MovieImage.swift in Sources */ = {isa = PBXBuildFile; fileRef = F8E9A86A2BF1223100461358 /* MovieImage.swift */; };
		F8E9A86D2BF1248900461358 /* MovieCategoriesViewController.swift in Sources */ = {isa = PBXBuildFile; fileRef = F8E9A86C2BF1248900461358 /* MovieCategoriesViewController.swift */; };
		F8FFCF312BC13E790048588C /* HeaderViewController.swift in Sources */ = {isa = PBXBuildFile; fileRef = F8FFCF302BC13E790048588C /* HeaderViewController.swift */; };
/* End PBXBuildFile section */

/* Begin PBXFileReference section */
		F8969C902BC0427A006576B2 /* MovieDetailsViewController.swift */ = {isa = PBXFileReference; lastKnownFileType = sourcecode.swift; path = MovieDetailsViewController.swift; sourceTree = "<group>"; };
		F8D05F382BC179BF00F1E3B2 /* ContentViewController.swift */ = {isa = PBXFileReference; lastKnownFileType = sourcecode.swift; path = ContentViewController.swift; sourceTree = "<group>"; };
		F8D05F3A2BC18B4500F1E3B2 /* LoginViewController.swift */ = {isa = PBXFileReference; lastKnownFileType = sourcecode.swift; path = LoginViewController.swift; sourceTree = "<group>"; };
		F8D5F7B52BC0371C00B6F78C /* MovieApp.app */ = {isa = PBXFileReference; explicitFileType = wrapper.application; includeInIndex = 0; path = MovieApp.app; sourceTree = BUILT_PRODUCTS_DIR; };
		F8D5F7B82BC0371C00B6F78C /* AppDelegate.swift */ = {isa = PBXFileReference; lastKnownFileType = sourcecode.swift; path = AppDelegate.swift; sourceTree = "<group>"; };
		F8D5F7BA2BC0371C00B6F78C /* SceneDelegate.swift */ = {isa = PBXFileReference; lastKnownFileType = sourcecode.swift; path = SceneDelegate.swift; sourceTree = "<group>"; };
		F8D5F7C12BC0371E00B6F78C /* Assets.xcassets */ = {isa = PBXFileReference; lastKnownFileType = folder.assetcatalog; path = Assets.xcassets; sourceTree = "<group>"; };
		F8D5F7C42BC0371E00B6F78C /* Base */ = {isa = PBXFileReference; lastKnownFileType = file.storyboard; name = Base; path = Base.lproj/LaunchScreen.storyboard; sourceTree = "<group>"; };
		F8D5F7C62BC0371E00B6F78C /* Info.plist */ = {isa = PBXFileReference; lastKnownFileType = text.plist.xml; path = Info.plist; sourceTree = "<group>"; };
		F8E9A8502BF0D7FA00461358 /* MovieListViewController.swift */ = {isa = PBXFileReference; lastKnownFileType = sourcecode.swift; path = MovieListViewController.swift; sourceTree = "<group>"; };
		F8E9A8522BF0E7DE00461358 /* MovieCell.swift */ = {isa = PBXFileReference; lastKnownFileType = sourcecode.swift; path = MovieCell.swift; sourceTree = "<group>"; };
		F8E9A8682BF120CD00461358 /* MovieCollectionView.swift */ = {isa = PBXFileReference; lastKnownFileType = sourcecode.swift; path = MovieCollectionView.swift; sourceTree = "<group>"; };
		F8E9A86A2BF1223100461358 /* MovieImage.swift */ = {isa = PBXFileReference; lastKnownFileType = sourcecode.swift; path = MovieImage.swift; sourceTree = "<group>"; };
		F8E9A86C2BF1248900461358 /* MovieCategoriesViewController.swift */ = {isa = PBXFileReference; lastKnownFileType = sourcecode.swift; path = MovieCategoriesViewController.swift; sourceTree = "<group>"; };
		F8FFCF302BC13E790048588C /* HeaderViewController.swift */ = {isa = PBXFileReference; lastKnownFileType = sourcecode.swift; path = HeaderViewController.swift; sourceTree = "<group>"; };
/* End PBXFileReference section */

/* Begin PBXFrameworksBuildPhase section */
		F8D5F7B22BC0371C00B6F78C /* Frameworks */ = {
			isa = PBXFrameworksBuildPhase;
			buildActionMask = 2147483647;
			files = (
				F8D5F7CE2BC0378400B6F78C /* PureLayout in Frameworks */,
				F8D5F7D12BC037CD00B6F78C /* MovieAppData in Frameworks */,
			);
			runOnlyForDeploymentPostprocessing = 0;
		};
/* End PBXFrameworksBuildPhase section */

/* Begin PBXGroup section */
		F8D5F7AC2BC0371C00B6F78C = {
			isa = PBXGroup;
			children = (
				F8D5F7B72BC0371C00B6F78C /* MovieApp */,
				F8D5F7B62BC0371C00B6F78C /* Products */,
			);
			sourceTree = "<group>";
		};
		F8D5F7B62BC0371C00B6F78C /* Products */ = {
			isa = PBXGroup;
			children = (
				F8D5F7B52BC0371C00B6F78C /* MovieApp.app */,
			);
			name = Products;
			sourceTree = "<group>";
		};
		F8D5F7B72BC0371C00B6F78C /* MovieApp */ = {
			isa = PBXGroup;
			children = (
				F8D5F7B82BC0371C00B6F78C /* AppDelegate.swift */,
				F8D5F7BA2BC0371C00B6F78C /* SceneDelegate.swift */,
				F8D5F7C12BC0371E00B6F78C /* Assets.xcassets */,
				F8D5F7C32BC0371E00B6F78C /* LaunchScreen.storyboard */,
				F8D5F7C62BC0371E00B6F78C /* Info.plist */,
				F8969C902BC0427A006576B2 /* MovieDetailsViewController.swift */,
				F8FFCF302BC13E790048588C /* HeaderViewController.swift */,
				F8D05F382BC179BF00F1E3B2 /* ContentViewController.swift */,
				F8D05F3A2BC18B4500F1E3B2 /* LoginViewController.swift */,
				F8E9A8502BF0D7FA00461358 /* MovieListViewController.swift */,
				F8E9A8522BF0E7DE00461358 /* MovieCell.swift */,
				F8E9A8682BF120CD00461358 /* MovieCollectionView.swift */,
				F8E9A86A2BF1223100461358 /* MovieImage.swift */,
				F8E9A86C2BF1248900461358 /* MovieCategoriesViewController.swift */,
			);
			path = MovieApp;
			sourceTree = "<group>";
		};
/* End PBXGroup section */

/* Begin PBXNativeTarget section */
		F8D5F7B42BC0371C00B6F78C /* MovieApp */ = {
			isa = PBXNativeTarget;
			buildConfigurationList = F8D5F7C92BC0371E00B6F78C /* Build configuration list for PBXNativeTarget "MovieApp" */;
			buildPhases = (
				F8D5F7B12BC0371C00B6F78C /* Sources */,
				F8D5F7B22BC0371C00B6F78C /* Frameworks */,
				F8D5F7B32BC0371C00B6F78C /* Resources */,
			);
			buildRules = (
			);
			dependencies = (
			);
			name = MovieApp;
			packageProductDependencies = (
				F8D5F7CD2BC0378400B6F78C /* PureLayout */,
				F8D5F7D02BC037CD00B6F78C /* MovieAppData */,
			);
			productName = MovieApp;
			productReference = F8D5F7B52BC0371C00B6F78C /* MovieApp.app */;
			productType = "com.apple.product-type.application";
		};
/* End PBXNativeTarget section */

/* Begin PBXProject section */
		F8D5F7AD2BC0371C00B6F78C /* Project object */ = {
			isa = PBXProject;
			attributes = {
				BuildIndependentTargetsInParallel = 1;
				LastSwiftUpdateCheck = 1530;
				LastUpgradeCheck = 1530;
				TargetAttributes = {
					F8D5F7B42BC0371C00B6F78C = {
						CreatedOnToolsVersion = 15.3;
					};
				};
			};
			buildConfigurationList = F8D5F7B02BC0371C00B6F78C /* Build configuration list for PBXProject "MovieApp" */;
			compatibilityVersion = "Xcode 14.0";
			developmentRegion = en;
			hasScannedForEncodings = 0;
			knownRegions = (
				en,
				Base,
			);
			mainGroup = F8D5F7AC2BC0371C00B6F78C;
			packageReferences = (
				F8D5F7CC2BC0378400B6F78C /* XCRemoteSwiftPackageReference "PureLayout" */,
				F8D5F7CF2BC037CD00B6F78C /* XCRemoteSwiftPackageReference "MovieAppData" */,
			);
			productRefGroup = F8D5F7B62BC0371C00B6F78C /* Products */;
			projectDirPath = "";
			projectRoot = "";
			targets = (
				F8D5F7B42BC0371C00B6F78C /* MovieApp */,
			);
		};
/* End PBXProject section */

/* Begin PBXResourcesBuildPhase section */
		F8D5F7B32BC0371C00B6F78C /* Resources */ = {
			isa = PBXResourcesBuildPhase;
			buildActionMask = 2147483647;
			files = (
				F8D5F7C22BC0371E00B6F78C /* Assets.xcassets in Resources */,
				F8D5F7C52BC0371E00B6F78C /* Base in Resources */,
			);
			runOnlyForDeploymentPostprocessing = 0;
		};
/* End PBXResourcesBuildPhase section */

/* Begin PBXSourcesBuildPhase section */
		F8D5F7B12BC0371C00B6F78C /* Sources */ = {
			isa = PBXSourcesBuildPhase;
			buildActionMask = 2147483647;
			files = (
				F8E9A86B2BF1223100461358 /* MovieImage.swift in Sources */,
				F8E9A86D2BF1248900461358 /* MovieCategoriesViewController.swift in Sources */,
				F8D05F3B2BC18B4500F1E3B2 /* LoginViewController.swift in Sources */,
				F8D05F392BC179BF00F1E3B2 /* ContentViewController.swift in Sources */,
				F8E9A8532BF0E7DE00461358 /* MovieCell.swift in Sources */,
				F8E9A8692BF120CD00461358 /* MovieCollectionView.swift in Sources */,
				F8969C912BC0427A006576B2 /* MovieDetailsViewController.swift in Sources */,
				F8FFCF312BC13E790048588C /* HeaderViewController.swift in Sources */,
				F8E9A8512BF0D7FA00461358 /* MovieListViewController.swift in Sources */,
				F8D5F7B92BC0371C00B6F78C /* AppDelegate.swift in Sources */,
				F8D5F7BB2BC0371C00B6F78C /* SceneDelegate.swift in Sources */,
			);
			runOnlyForDeploymentPostprocessing = 0;
		};
/* End PBXSourcesBuildPhase section */

/* Begin PBXVariantGroup section */
		F8D5F7C32BC0371E00B6F78C /* LaunchScreen.storyboard */ = {
			isa = PBXVariantGroup;
			children = (
				F8D5F7C42BC0371E00B6F78C /* Base */,
			);
			name = LaunchScreen.storyboard;
			sourceTree = "<group>";
		};
/* End PBXVariantGroup section */

/* Begin XCBuildConfiguration section */
		F8D5F7C72BC0371E00B6F78C /* Debug */ = {
			isa = XCBuildConfiguration;
			buildSettings = {
				ALWAYS_SEARCH_USER_PATHS = NO;
				ASSETCATALOG_COMPILER_GENERATE_SWIFT_ASSET_SYMBOL_EXTENSIONS = YES;
				CLANG_ANALYZER_NONNULL = YES;
				CLANG_ANALYZER_NUMBER_OBJECT_CONVERSION = YES_AGGRESSIVE;
				CLANG_CXX_LANGUAGE_STANDARD = "gnu++20";
				CLANG_ENABLE_MODULES = YES;
				CLANG_ENABLE_OBJC_ARC = YES;
				CLANG_ENABLE_OBJC_WEAK = YES;
				CLANG_WARN_BLOCK_CAPTURE_AUTORELEASING = YES;
				CLANG_WARN_BOOL_CONVERSION = YES;
				CLANG_WARN_COMMA = YES;
				CLANG_WARN_CONSTANT_CONVERSION = YES;
				CLANG_WARN_DEPRECATED_OBJC_IMPLEMENTATIONS = YES;
				CLANG_WARN_DIRECT_OBJC_ISA_USAGE = YES_ERROR;
				CLANG_WARN_DOCUMENTATION_COMMENTS = YES;
				CLANG_WARN_EMPTY_BODY = YES;
				CLANG_WARN_ENUM_CONVERSION = YES;
				CLANG_WARN_INFINITE_RECURSION = YES;
				CLANG_WARN_INT_CONVERSION = YES;
				CLANG_WARN_NON_LITERAL_NULL_CONVERSION = YES;
				CLANG_WARN_OBJC_IMPLICIT_RETAIN_SELF = YES;
				CLANG_WARN_OBJC_LITERAL_CONVERSION = YES;
				CLANG_WARN_OBJC_ROOT_CLASS = YES_ERROR;
				CLANG_WARN_QUOTED_INCLUDE_IN_FRAMEWORK_HEADER = YES;
				CLANG_WARN_RANGE_LOOP_ANALYSIS = YES;
				CLANG_WARN_STRICT_PROTOTYPES = YES;
				CLANG_WARN_SUSPICIOUS_MOVE = YES;
				CLANG_WARN_UNGUARDED_AVAILABILITY = YES_AGGRESSIVE;
				CLANG_WARN_UNREACHABLE_CODE = YES;
				CLANG_WARN__DUPLICATE_METHOD_MATCH = YES;
				COPY_PHASE_STRIP = NO;
				DEBUG_INFORMATION_FORMAT = dwarf;
				ENABLE_STRICT_OBJC_MSGSEND = YES;
				ENABLE_TESTABILITY = YES;
				ENABLE_USER_SCRIPT_SANDBOXING = YES;
				GCC_C_LANGUAGE_STANDARD = gnu17;
				GCC_DYNAMIC_NO_PIC = NO;
				GCC_NO_COMMON_BLOCKS = YES;
				GCC_OPTIMIZATION_LEVEL = 0;
				GCC_PREPROCESSOR_DEFINITIONS = (
					"DEBUG=1",
					"$(inherited)",
				);
				GCC_WARN_64_TO_32_BIT_CONVERSION = YES;
				GCC_WARN_ABOUT_RETURN_TYPE = YES_ERROR;
				GCC_WARN_UNDECLARED_SELECTOR = YES;
				GCC_WARN_UNINITIALIZED_AUTOS = YES_AGGRESSIVE;
				GCC_WARN_UNUSED_FUNCTION = YES;
				GCC_WARN_UNUSED_VARIABLE = YES;
				IPHONEOS_DEPLOYMENT_TARGET = 17.4;
				LOCALIZATION_PREFERS_STRING_CATALOGS = YES;
				MTL_ENABLE_DEBUG_INFO = INCLUDE_SOURCE;
				MTL_FAST_MATH = YES;
				ONLY_ACTIVE_ARCH = YES;
				SDKROOT = iphoneos;
				SWIFT_ACTIVE_COMPILATION_CONDITIONS = "DEBUG $(inherited)";
				SWIFT_OPTIMIZATION_LEVEL = "-Onone";
			};
			name = Debug;
		};
		F8D5F7C82BC0371E00B6F78C /* Release */ = {
			isa = XCBuildConfiguration;
			buildSettings = {
				ALWAYS_SEARCH_USER_PATHS = NO;
				ASSETCATALOG_COMPILER_GENERATE_SWIFT_ASSET_SYMBOL_EXTENSIONS = YES;
				CLANG_ANALYZER_NONNULL = YES;
				CLANG_ANALYZER_NUMBER_OBJECT_CONVERSION = YES_AGGRESSIVE;
				CLANG_CXX_LANGUAGE_STANDARD = "gnu++20";
				CLANG_ENABLE_MODULES = YES;
				CLANG_ENABLE_OBJC_ARC = YES;
				CLANG_ENABLE_OBJC_WEAK = YES;
				CLANG_WARN_BLOCK_CAPTURE_AUTORELEASING = YES;
				CLANG_WARN_BOOL_CONVERSION = YES;
				CLANG_WARN_COMMA = YES;
				CLANG_WARN_CONSTANT_CONVERSION = YES;
				CLANG_WARN_DEPRECATED_OBJC_IMPLEMENTATIONS = YES;
				CLANG_WARN_DIRECT_OBJC_ISA_USAGE = YES_ERROR;
				CLANG_WARN_DOCUMENTATION_COMMENTS = YES;
				CLANG_WARN_EMPTY_BODY = YES;
				CLANG_WARN_ENUM_CONVERSION = YES;
				CLANG_WARN_INFINITE_RECURSION = YES;
				CLANG_WARN_INT_CONVERSION = YES;
				CLANG_WARN_NON_LITERAL_NULL_CONVERSION = YES;
				CLANG_WARN_OBJC_IMPLICIT_RETAIN_SELF = YES;
				CLANG_WARN_OBJC_LITERAL_CONVERSION = YES;
				CLANG_WARN_OBJC_ROOT_CLASS = YES_ERROR;
				CLANG_WARN_QUOTED_INCLUDE_IN_FRAMEWORK_HEADER = YES;
				CLANG_WARN_RANGE_LOOP_ANALYSIS = YES;
				CLANG_WARN_STRICT_PROTOTYPES = YES;
				CLANG_WARN_SUSPICIOUS_MOVE = YES;
				CLANG_WARN_UNGUARDED_AVAILABILITY = YES_AGGRESSIVE;
				CLANG_WARN_UNREACHABLE_CODE = YES;
				CLANG_WARN__DUPLICATE_METHOD_MATCH = YES;
				COPY_PHASE_STRIP = NO;
				DEBUG_INFORMATION_FORMAT = "dwarf-with-dsym";
				ENABLE_NS_ASSERTIONS = NO;
				ENABLE_STRICT_OBJC_MSGSEND = YES;
				ENABLE_USER_SCRIPT_SANDBOXING = YES;
				GCC_C_LANGUAGE_STANDARD = gnu17;
				GCC_NO_COMMON_BLOCKS = YES;
				GCC_WARN_64_TO_32_BIT_CONVERSION = YES;
				GCC_WARN_ABOUT_RETURN_TYPE = YES_ERROR;
				GCC_WARN_UNDECLARED_SELECTOR = YES;
				GCC_WARN_UNINITIALIZED_AUTOS = YES_AGGRESSIVE;
				GCC_WARN_UNUSED_FUNCTION = YES;
				GCC_WARN_UNUSED_VARIABLE = YES;
				IPHONEOS_DEPLOYMENT_TARGET = 17.4;
				LOCALIZATION_PREFERS_STRING_CATALOGS = YES;
				MTL_ENABLE_DEBUG_INFO = NO;
				MTL_FAST_MATH = YES;
				SDKROOT = iphoneos;
				SWIFT_COMPILATION_MODE = wholemodule;
				VALIDATE_PRODUCT = YES;
			};
			name = Release;
		};
		F8D5F7CA2BC0371E00B6F78C /* Debug */ = {
			isa = XCBuildConfiguration;
			buildSettings = {
				ASSETCATALOG_COMPILER_APPICON_NAME = AppIcon;
				ASSETCATALOG_COMPILER_GLOBAL_ACCENT_COLOR_NAME = AccentColor;
				CODE_SIGN_STYLE = Automatic;
				CURRENT_PROJECT_VERSION = 1;
				GENERATE_INFOPLIST_FILE = YES;
				INFOPLIST_FILE = MovieApp/Info.plist;
				INFOPLIST_KEY_UIApplicationSupportsIndirectInputEvents = YES;
				INFOPLIST_KEY_UILaunchStoryboardName = LaunchScreen;
				INFOPLIST_KEY_UISupportedInterfaceOrientations_iPad = "UIInterfaceOrientationPortrait UIInterfaceOrientationPortraitUpsideDown UIInterfaceOrientationLandscapeLeft UIInterfaceOrientationLandscapeRight";
				INFOPLIST_KEY_UISupportedInterfaceOrientations_iPhone = "UIInterfaceOrientationPortrait UIInterfaceOrientationLandscapeLeft UIInterfaceOrientationLandscapeRight";
				LD_RUNPATH_SEARCH_PATHS = (
					"$(inherited)",
					"@executable_path/Frameworks",
				);
				MARKETING_VERSION = 1.0;
				PRODUCT_BUNDLE_IDENTIFIER = hr.fer.miskovic.filip.MovieApp;
				PRODUCT_NAME = "$(TARGET_NAME)";
				SWIFT_EMIT_LOC_STRINGS = YES;
				SWIFT_VERSION = 5.0;
				TARGETED_DEVICE_FAMILY = "1,2";
			};
			name = Debug;
		};
		F8D5F7CB2BC0371E00B6F78C /* Release */ = {
			isa = XCBuildConfiguration;
			buildSettings = {
				ASSETCATALOG_COMPILER_APPICON_NAME = AppIcon;
				ASSETCATALOG_COMPILER_GLOBAL_ACCENT_COLOR_NAME = AccentColor;
				CODE_SIGN_STYLE = Automatic;
				CURRENT_PROJECT_VERSION = 1;
				GENERATE_INFOPLIST_FILE = YES;
				INFOPLIST_FILE = MovieApp/Info.plist;
				INFOPLIST_KEY_UIApplicationSupportsIndirectInputEvents = YES;
				INFOPLIST_KEY_UILaunchStoryboardName = LaunchScreen;
				INFOPLIST_KEY_UISupportedInterfaceOrientations_iPad = "UIInterfaceOrientationPortrait UIInterfaceOrientationPortraitUpsideDown UIInterfaceOrientationLandscapeLeft UIInterfaceOrientationLandscapeRight";
				INFOPLIST_KEY_UISupportedInterfaceOrientations_iPhone = "UIInterfaceOrientationPortrait UIInterfaceOrientationLandscapeLeft UIInterfaceOrientationLandscapeRight";
				LD_RUNPATH_SEARCH_PATHS = (
					"$(inherited)",
					"@executable_path/Frameworks",
				);
				MARKETING_VERSION = 1.0;
				PRODUCT_BUNDLE_IDENTIFIER = hr.fer.miskovic.filip.MovieApp;
				PRODUCT_NAME = "$(TARGET_NAME)";
				SWIFT_EMIT_LOC_STRINGS = YES;
				SWIFT_VERSION = 5.0;
				TARGETED_DEVICE_FAMILY = "1,2";
			};
			name = Release;
		};
/* End XCBuildConfiguration section */

/* Begin XCConfigurationList section */
		F8D5F7B02BC0371C00B6F78C /* Build configuration list for PBXProject "MovieApp" */ = {
			isa = XCConfigurationList;
			buildConfigurations = (
				F8D5F7C72BC0371E00B6F78C /* Debug */,
				F8D5F7C82BC0371E00B6F78C /* Release */,
			);
			defaultConfigurationIsVisible = 0;
			defaultConfigurationName = Release;
		};
		F8D5F7C92BC0371E00B6F78C /* Build configuration list for PBXNativeTarget "MovieApp" */ = {
			isa = XCConfigurationList;
			buildConfigurations = (
				F8D5F7CA2BC0371E00B6F78C /* Debug */,
				F8D5F7CB2BC0371E00B6F78C /* Release */,
			);
			defaultConfigurationIsVisible = 0;
			defaultConfigurationName = Release;
		};
/* End XCConfigurationList section */

/* Begin XCRemoteSwiftPackageReference section */
		F8D5F7CC2BC0378400B6F78C /* XCRemoteSwiftPackageReference "PureLayout" */ = {
			isa = XCRemoteSwiftPackageReference;
			repositoryURL = "https://github.com/PureLayout/PureLayout.git";
			requirement = {
				kind = upToNextMajorVersion;
				minimumVersion = 3.1.9;
			};
		};
		F8D5F7CF2BC037CD00B6F78C /* XCRemoteSwiftPackageReference "MovieAppData" */ = {
			isa = XCRemoteSwiftPackageReference;
			repositoryURL = "https://github.com/fiveagency/MovieAppData";
			requirement = {
				kind = upToNextMinorVersion;
				minimumVersion = 2.1.0;
			};
		};
/* End XCRemoteSwiftPackageReference section */

/* Begin XCSwiftPackageProductDependency section */
		F8D5F7CD2BC0378400B6F78C /* PureLayout */ = {
			isa = XCSwiftPackageProductDependency;
			package = F8D5F7CC2BC0378400B6F78C /* XCRemoteSwiftPackageReference "PureLayout" */;
			productName = PureLayout;
		};
		F8D5F7D02BC037CD00B6F78C /* MovieAppData */ = {
			isa = XCSwiftPackageProductDependency;
			package = F8D5F7CF2BC037CD00B6F78C /* XCRemoteSwiftPackageReference "MovieAppData" */;
			productName = MovieAppData;
		};
/* End XCSwiftPackageProductDependency section */
	};
	rootObject = F8D5F7AD2BC0371C00B6F78C /* Project object */;
}
